github.com/samuel/go-zookeeper v0.0.0-20201211165307-7117e9ea2414 h1:AJNDS0kP60X8wwWFvbLPwDuojxubj9pbfK7pjHw0vKg=
github.com/samuel/go-zookeeper v0.0.0-20201211165307-7117e9ea2414/go.mod h1:gi+0XIa01GRL2eRQVjQkKGqKF3SF9vZR/HnPullcV2E=
golang.org/x/time v0.0.0-20190308202827-9d24e82272b4/go.mod h1:tRJNPiyCQ0inRvYxbN9jk5I+vvW/OXSQhTDSoE431IQ=
